
Microsoft Visual Studio Solution File, Format Version 12.00
# Visual Studio 15
VisualStudioVersion = 15.0.26124.0
MinimumVisualStudioVersion = 15.0.26124.0
Project("{FAE04EC0-301F-11D3-BF4B-00C04F79EFBC}") = "ImageProcessor", "ImageProcessor\ImageProcessor.csproj", "{C6943AF4-DC70-4327-931F-FBC7983EA672}"
EndProject
Project("{2150E333-8FDC-42A3-9474-1A3956D46DE8}") = "_tests", "_tests", "{5529F067-3492-4284-9C95-01830C6B71E3}"
EndProject
Project("{FAE04EC0-301F-11D3-BF4B-00C04F79EFBC}") = "ImageProcessor.Tests", "_tests\ImageProcessor\ImageProcessor.Tests.csproj", "{12955FBE-42F1-4887-9A60-46D9BC17AE77}"
EndProject
Global
	GlobalSection(SolutionConfigurationPlatforms) = preSolution
		Debug|Any CPU = Debug|Any CPU
		Debug|x64 = Debug|x64
		Debug|x86 = Debug|x86
		Release|Any CPU = Release|Any CPU
		Release|x64 = Release|x64
		Release|x86 = Release|x86
	EndGlobalSection
	GlobalSection(SolutionProperties) = preSolution
		HideSolutionNode = FALSE
	EndGlobalSection
	GlobalSection(ProjectConfigurationPlatforms) = postSolution
		{C6943AF4-DC70-4327-931F-FBC7983EA672}.Debug|Any CPU.ActiveCfg = Debug|Any CPU
		{C6943AF4-DC70-4327-931F-FBC7983EA672}.Debug|Any CPU.Build.0 = Debug|Any CPU
		{C6943AF4-DC70-4327-931F-FBC7983EA672}.Debug|x64.ActiveCfg = Debug|Any CPU
		{C6943AF4-DC70-4327-931F-FBC7983EA672}.Debug|x64.Build.0 = Debug|Any CPU
		{C6943AF4-DC70-4327-931F-FBC7983EA672}.Debug|x86.ActiveCfg = Debug|Any CPU
		{C6943AF4-DC70-4327-931F-FBC7983EA672}.Debug|x86.Build.0 = Debug|Any CPU
		{C6943AF4-DC70-4327-931F-FBC7983EA672}.Release|Any CPU.ActiveCfg = Release|Any CPU
		{C6943AF4-DC70-4327-931F-FBC7983EA672}.Release|Any CPU.Build.0 = Release|Any CPU
		{C6943AF4-DC70-4327-931F-FBC7983EA672}.Release|x64.ActiveCfg = Release|Any CPU
		{C6943AF4-DC70-4327-931F-FBC7983EA672}.Release|x64.Build.0 = Release|Any CPU
		{C6943AF4-DC70-4327-931F-FBC7983EA672}.Release|x86.ActiveCfg = Release|Any CPU
		{C6943AF4-DC70-4327-931F-FBC7983EA672}.Release|x86.Build.0 = Release|Any CPU
		{12955FBE-42F1-4887-9A60-46D9BC17AE77}.Debug|Any CPU.ActiveCfg = Debug|Any CPU
		{12955FBE-42F1-4887-9A60-46D9BC17AE77}.Debug|Any CPU.Build.0 = Debug|Any CPU
		{12955FBE-42F1-4887-9A60-46D9BC17AE77}.Debug|x64.ActiveCfg = Debug|Any CPU
		{12955FBE-42F1-4887-9A60-46D9BC17AE77}.Debug|x64.Build.0 = Debug|Any CPU
		{12955FBE-42F1-4887-9A60-46D9BC17AE77}.Debug|x86.ActiveCfg = Debug|Any CPU
		{12955FBE-42F1-4887-9A60-46D9BC17AE77}.Debug|x86.Build.0 = Debug|Any CPU
		{12955FBE-42F1-4887-9A60-46D9BC17AE77}.Release|Any CPU.ActiveCfg = Release|Any CPU
		{12955FBE-42F1-4887-9A60-46D9BC17AE77}.Release|Any CPU.Build.0 = Release|Any CPU
		{12955FBE-42F1-4887-9A60-46D9BC17AE77}.Release|x64.ActiveCfg = Release|Any CPU
		{12955FBE-42F1-4887-9A60-46D9BC17AE77}.Release|x64.Build.0 = Release|Any CPU
		{12955FBE-42F1-4887-9A60-46D9BC17AE77}.Release|x86.ActiveCfg = Release|Any CPU
		{12955FBE-42F1-4887-9A60-46D9BC17AE77}.Release|x86.Build.0 = Release|Any CPU
	EndGlobalSection
	GlobalSection(NestedProjects) = preSolution
		{12955FBE-42F1-4887-9A60-46D9BC17AE77} = {5529F067-3492-4284-9C95-01830C6B71E3}
	EndGlobalSection
EndGlobal
